{
    "version": "0.5",
    "requires": [
        "spdlog/1.15.3#855569172102c04e3e0db21ae95cf017%1767604739.328",
        "gtest/1.15.0#9eba70e54373fb7325151ad3375934a1%1743410805.366",
        "fmt/11.2.0#579bb2cdf4a7607621beea4eb4651e0f%1746298708.362"
    ],
    "build_requires": [],
    "python_requires": [],
    "config_requires": []
}
